{
  "name": "olukotan",
  "version": "0.1.0",
  "lockfileVersion": 3,
  "requires": true,
  "packages": {
    "": {
      "name": "olukotan",
      "version": "0.1.0",
      "dependencies": {
        "@tauri-apps/api": "^2.8.0",
        "@tauri-apps/plugin-dialog": "^2.4.0",
        "lucide-react": "^0.468.0",
        "react": "^19.1.1",
        "react-dom": "^19.1.1"
      },
      "devDependencies": {
        "@tauri-apps/cli": "^2.8.4",
        "@testing-library/jest-dom": "^6.6.3",
        "@testing-library/react": "^16.1.0",
        "@types/react": "^19.0.10",
        "@types/react-dom": "^19.0.4",
        "@vitejs/plugin-react": "^4.4.1",
        "jsdom": "^26.0.0",
        "typescript": "~5.7.2",
        "vite": "^6.1.0",
        "vitest": "^3.0.7"
      }
    },
    "node_modules/@adobe/css-tools": {
      "version": "4.5.0",
      "resolved": "https://registry.npmjs.org/@adobe/css-tools/-/css-tools-4.5.0.tgz",
      "integrity": "sha512-6OzddxPio9UiWTCemp4N8cYLV2ZN1ncRnV1cVGtve7dhPOtRkleRyx32GQCYSwDYgaHU3USMm84tNsvKzRCa1Q==",
      "dev": true,
      "license": "MIT"
    },
    "node_modules/@asamuzakjp/css-color": {
      "version": "3.2.0",
      "resolved": "https://registry.npmjs.org/@asamuzakjp/css-color/-/css-color-3.2.0.tgz",
      "integrity": "sha512-K1A6z8tS3XsmCMM86xoWdn7Fkdn9m6RSVtocUrJYIwZnFVkng/PvkEoWtOWmP+Scc6saYWHWZYbndEEXxl24jw==",
      "dev": true,
      "license": "MIT",
      "dependencies": {
        "@csstools/css-calc": "^2.1.3",
        "@csstools/css-color-parser": "^3.0.9",
        "@csstools/css-parser-algorithms": "^3.0.4",
        "@csstools/css-tokenizer": "^3.0.3",
        "lru-cache": "^10.4.3"
      }
    },
    "node_modules/@asamuzakjp/css-color/node_modules/lru-cache": {
      "version": "10.4.3",
      "resolved": "https://registry.npmjs.org/lru-cache/-/lru-cache-10.4.3.tgz",
      "integrity": "sha512-JNAzZcXrCt42VGLuYz0zfAzDfAvJWW6AfYlDBQyDV5DClI2m5sAmK+OIO7s59XfsRsWHp02jAJrRadPRGTt6SQ==",
      "dev": true,
      "license": "ISC"
    },
    "node_modules/@babel/code-frame": {
      "version": "7.29.7",
      "resolved": "https://registry.npmjs.org/@babel/code-frame/-/code-frame-7.29.7.tgz",
      "integrity": "sha512-Aup7aUOfpbAUg2ROOJN6Iw5f9DMBlzu0mIkm/malLQFN/YQgO48wCj0Kxa3sEHJvPVFg7siR+qRInwXd2qhQKw==",
      "dev": true,
      "license": "MIT",
      "dependencies": {
        "@babel/helper-validator-identifier": "^7.29.7",
        "js-tokens": "^4.0.0",
        "picocolors": "^1.1.1"
      },
      "engines": {
        "node": ">=6.9.0"
      }
    },
    "node_modules/@babel/compat-data": {
      "version": "7.29.7",
      "resolved": "https://registry.npmjs.org/@babel/compat-data/-/compat-data-7.29.7.tgz",
      "integrity": "sha512-locTkQyKvwIEgBzVrn8693ebc97F2U8ZHjbXwDXJ5Fn2TCpNwTlKcaKLkdHop5c/icOFE7qt7Q9JC5hnKNa6Gg==",
      "dev": true,
      "license": "MIT",
      "engines": {
        "node": ">=6.9.0"
      }
    },
    "node_modules/@babel/core": {
      "version": "7.29.7",
      "resolved": "https://registry.npmjs.org/@babel/core/-/core-7.29.7.tgz",
      "integrity": "sha512-RgHBCvtjbOK2gXSNBNIkNoEc9qoVEtau3hj8gEqKQuL3HZAibKarWFEI3Lfm6EYKkLalOh8eSrj9b+ch9H/VBA==",
      "dev": true,
      "license": "MIT",
      "dependencies": {
        "@babel/code-frame": "^7.29.7",
        "@babel/generator": "^7.29.7",
        "@babel/helper-compilation-targets": "^7.29.7",
        "@babel/helper-module-transforms": "^7.29.7",
        "@babel/helpers": "^7.29.7",
        "@babel/parser": "^7.29.7",
        "@babel/template": "^7.29.7",
        "@babel/traverse": "^7.29.7",
        "@babel/types": "^7.29.7",
        "@jridgewell/remapping": "^2.3.5",
        "convert-source-map": "^2.0.0",
        "debug": "^4.1.0",
        "gensync": "^1.0.0-beta.2",
        "json5": "^2.2.3",
        "semver": "^6.3.1"
      },
      "engines": {
        "node": ">=6.9.0"
      },
      "funding": {
        "type": "opencollective",
        "url": "https://opencollective.com/babel"
      }
    },
    "node_modules/@babel/generator": {
      "version": "7.29.7",
      "resolved": "https://registry.npmjs.org/@babel/generator/-/generator-7.29.7.tgz",
      "integrity": "sha512-DkXD5OJQaAQIdZ1bt3UZdEnHAn9Imd3IVBdX03UFe+ony9Ojw5pzr9YVKGDY1jt+Gcn/FnGkNf8r+Vj5NOJWtQ==",
      "dev": true,
      "license": "MIT",
      "dependencies": {
        "@babel/parser": "^7.29.7",
        "@babel/types": "^7.29.7",
        "@jridgewell/gen-mapping": "^0.3.12",
        "@jridgewell/trace-mapping": "^0.3.28",
        "jsesc": "^3.0.2"
      },
      "engines": {
        "node": ">=6.9.0"
      }
    },
    "node_modules/@babel/helper-compilation-targets": {
      "version": "7.29.7",
      "resolved": "https://registry.npmjs.org/@babel/helper-compilation-targets/-/helper-compilation-targets-7.29.7.tgz",
      "integrity": "sha512-wem6WaBj4NaVYVdNhLPPVacES6ZJ+KBBfSkTMD3YZxbP3rm3Di85tJU5ljaUNhaOynt+Aj0xruhYuzQBt8n71g==",
      "dev": true,
      "license": "MIT",
      "dependencies": {
        "@babel/compat-data": "^7.29.7",
        "@babel/helper-validator-option": "^7.29.7",
        "browserslist": "^4.24.0",
        "lru-cache": "^5.1.1",
        "semver": "^6.3.1"
      },
      "engines": {
        "node": ">=6.9.0"
      }
    },
    "node_modules/@babel/helper-globals": {
      "version": "7.29.7",
      "resolved": "https://registry.npmjs.org/@babel/helper-globals/-/helper-globals-7.29.7.tgz",
      "integrity": "sha512-3nQVUAtvkKH9zahfWgw96Jc/uFOmjACE1kQz82E2lqWmHBgjzbNlsC22nuQTfahmWeQtTq5nQ/4Nnd2A1wj4zA==",
      "dev": true,
      "license": "MIT",
      "engines": {
        "node": ">=6.9.0"
      }
    },
    "node_modules/@babel/helper-module-imports": {
      "version": "7.29.7",
      "resolved": "https://registry.npmjs.org/@babel/helper-module-imports/-/helper-module-imports-7.29.7.tgz",
      "integrity": "sha512-ejHwrQQYcm9xnTivShn2IDOlIzInN34AXskvq9QicvCtEzq1Vzclu/tKF8Jq1Cg8JG2GL6/EmjgsCT7lXepE3g==",
      "dev": true,
      "license": "MIT",
      "dependencies": {
        "@babel/traverse": "^7.29.7",
        "@babel/types": "^7.29.7"
      },
      "engines": {
        "node": ">=6.9.0"
      }
    },
    "node_modules/@babel/helper-module-transforms": {
      "version": "7.29.7",
      "resolved": "https://registry.npmjs.org/@babel/helper-module-transforms/-/helper-module-transforms-7.29.7.tgz",
      "integrity": "sha512-UPUVSyXbOh627KiCIGQSgwWzGeBKLkaJ9PJEdrngIwMSzxLR4jS4+f1f1jb7VzBbg8nFLaYotvVPFCTqdrmTAg==",
      "dev": true,
      "license": "MIT",
      "dependencies": {
        "@babel/helper-module-imports": "^7.29.7",
        "@babel/helper-validator-identifier": "^7.29.7",
        "@babel/traverse": "^7.29.7"
      },
      "engines": {
        "node": ">=6.9.0"
      },
      "peerDependencies": {
        "@babel/core": "^7.0.0"
      }
    },
    "node_modules/@babel/helper-plugin-utils": {
      "version": "7.29.7",
      "resolved": "https://registry.npmjs.org/@babel/helper-plugin-utils/-/helper-plugin-utils-7.29.7.tgz",
      "integrity": "sha512-G7sHYigPY17oO5SYWnfD/0MTBwVR781S/JI643e/JhUYgVgWE/61SoW3NH9KWUKyKq5LVh3npif99Wkt6j86Jw==",
      "dev": true,
      "license": "MIT",
      "engines": {
        "node": ">=6.9.0"
      }
    },
    "node_modules/@babel/helper-string-parser": {
      "version": "7.29.7",
      "resolved": "https://registry.npmjs.org/@babel/helper-string-parser/-/helper-string-parser-7.29.7.tgz",
      "integrity": "sha512-Pb5ijPrZ89GDH8223L4UP8i6QApWxs04RbPQJTeWDV0/keR2E36MeKnyr6LYmUUvqRRI+Iv87SuF1W6ErINzYw==",
      "dev": true,
      "license": "MIT",
      "engines": {
        "node": ">=6.9.0"
      }
    },
    "node_modules/@babel/helper-validator-identifier": {
      "version": "7.29.7",
      "resolved": "https://registry.npmjs.org/@babel/helper-validator-identifier/-/helper-validator-identifier-7.29.7.tgz",
      "integrity": "sha512-qehxGkRj55h/ff8EMaJ+cYhyaKlHIxqYDn682wQD7RNp9UujOQsHog2uS0r2vzr4pW+sXf90Neeau×¾øæÚ$z{-®éÜj×ËˆXˆ™]š\Ú[Û—Û[ÙNˆ›ÛÛˆXˆİ\œ™[Ü™]š\Ú[Û—ÜÙ]ˆÜ[Ûİš[™Ï‹ˆXˆ[\ÜÚ\İÜNˆ™XÏÙ\™WÚœÛÛ•˜[YO‹ˆXˆ^ÜÚ\İÜNˆ™XÏÙ\™WÚœÛÛ•˜[YO‹ŸB‚ˆÖÙ\š]™JXYËÙ\šX[^™JWBˆÖÜÙ\™J™[˜[YWØ[H˜Ø[Y[Ø\ÙHŠWBœXˆİXİ™XÛİ™\T^[ØYÈXˆÛÛ[ˆİš[™ËXˆ[ÙYšYYØ]ˆMB‚ˆÖÙ\š]™JXYËÙ\šX[^™JWBˆÖÜÙ\™J™[˜[YWØ[H˜Ø[Y[Ø\ÙHŠWBœXˆİXİ›Ú™Xİ^[ØYÂˆXˆX[šY™\İˆ›Ú™XİX[šY™\İˆXˆØÜ™Y[œ^Nˆİš[™ËˆXˆ›Ú™XİÜ]ˆİš[™ËˆXˆ™XYÛÛ›Nˆ›ÛÛˆXˆ[ÙYšYYØ]ˆMˆXˆ™XÛİ™\NˆÜ[Û™XÛİ™\T^[ØY‹ŸB‚ˆÖÙ\š]™JXYËÙ\šX[^™JWBˆÖÜÙ\™J™[˜[YWØ[H˜Ø[Y[Ø\ÙHŠWBœXˆİXİ™XÙ[›Ú™XİÂˆXˆ›Ú™XİÚYˆİš[™ËˆXˆ]Nˆİš[™ËˆXˆ›Ú™Xİİ\Nˆİš[™ËˆXˆ]ˆİš[™ËˆXˆİÜ˜YÙWÛ[ÙNˆİš[™ËˆXˆ\İÛÜ[™YØ]ˆİš[™ËˆXˆ[ÙYšYYØ]ˆİš[™ËˆXˆ[›™Yˆ›ÛÛˆXˆYÙWØÛİ[ˆLÌ‹ŸB‚ˆÖÙ\š]™JXYËÛÛ™KÙ\šX[^™K\Ù\šX[^™JWBˆÖÜÙ\™J™[˜[YWØ[H˜Ø[Y[Ø\ÙHŠWBœXˆİXİ\Ù][™ÜÈÂˆXˆY˜][Ü›Ú™XİÙ›Û\ˆİš[™ËˆXˆY˜][Ø]]Üˆİš[™ËˆXˆ[YNˆİš[™ËˆXˆ]]ÜØ]™WÜÙXÛÛ™ÎˆLÌ‹ŸB‚š[\Y˜][›Üˆ\Ù][™ÜÈÂˆ›ˆY˜][

HOˆÙ[ˆÈÙ[ˆÈY˜][Ü›Ú™XİÙ›Û\ˆİš[™Î›™]Ê
KY˜][Ø]]Üˆİš[™Î›™]Ê
K[YNˆœŞ\İ[H‹š[Ê
K]]ÜØ]™WÜÙXÛÛ™ÎˆHHBŸB